// !$*UTF8*$!
{
	archiveVersion = 1;
	classes = {
	};
	objectVersion = 50;
	objects = {

/* Begin PBXBuildFile section */
		5073C67D250D019B0067737D /* AppDelegate.swift in Sources */ = {isa = PBXBuildFile; fileRef = 5073C67C250D019B0067737D /* AppDelegate.swift */; };
		5073C67F250D019B0067737D /* SceneDelegate.swift in Sources */ = {isa = PBXBuildFile; fileRef = 5073C67E250D019B0067737D /* SceneDelegate.swift */; };
		5073C681250D019B0067737D /* ViewController.swift in Sources */ = {isa = PBXBuildFile; fileRef = 5073C680250D019B0067737D /* ViewController.swift */; };
		5073C684250D019B0067737D /* Main.storyboard in Resources */ = {isa = PBXBuildFile; fileRef = 5073C682250D019B0067737D /* Main.storyboard */; };
		5073C686250D019E0067737D /* Assets.xcassets in Resources */ = {isa = PBXBuildFile; fileRef = 5073C685250D019E0067737D /* Assets.xcassets */; };
		5073C689250D019E0067737D /* LaunchScreen.storyboard in Resources */ = {isa = PBXBuildFile; fileRef = 5073C687250D019E0067737D /* LaunchScreen.storyboard */; };
		5073C699250D020A0067737D /* Yagi.framework in Frameworks */ = {isa = PBXBuildFile; fileRef = 5073C698250D020A0067737D /* Yagi.framework */; };
		5073C69A250D020A0067737D /* Yagi.framework in Embed Frameworks */ = {isa = PBXBuildFile; fileRef = 5073C698250D020A0067737D /* Yagi.framework */; settings = {ATTRIBUTES = (CodeSignOnCopy, RemoveHeadersOnCopy, ); }; };
/* End PBXBuildFile section */

/* Begin PBXCopyFilesBuildPhase section */
		5073C69B250D020A0067737D /* Embed Frameworks */ = {
			isa = PBXCopyFilesBuildPhase;
			buildActionMask = 2147483647;
			dstPath = "";
			dstSubfolderSpec = 10;
			files = (
				5073C69A250D020A0067737D /* Yagi.framework in Embed Frameworks */,
			);
			name = "Embed Frameworks";
			runOnlyForDeploymentPostprocessing = 0;
		};
/* End PBXCopyFilesBuildPhase section */

/* Begin PBXFileReference section */
		5073C679250D019B0067737D /* Yagi-Demo.app */ = {isa = PBXFileReference; explicitFileType = wrapper.application; includeInIndex = 0; path = "Yagi-Demo.app"; sourceTree = BUILT_PRODUCTS_DIR; };
		5073C67C250D019B0067737D /* AppDelegate.swift */ = {isa = PBXFileReference; lastKnownFileType = sourcecode.swift; path = AppDelegate.swift; sourceTree = "<group>"; };
		5073C67E250D019B0067737D /* SceneDelegate.swift */ = {isa = PBXFileReference; lastKnownFileType = sourcecode.swift; path = SceneDelegate.swift; sourceTree = "<group>"; };
		5073C680250D019B0067737D /* ViewController.swift */ = {isa = PBXFileReference; lastKnownFileType = sourcecode.swift; path = ViewController.swift; sourceTree = "<group>"; };
		5073C683250D019B0067737D /* Base */ = {isa = PBXFileReference; lastKnownFileType = file.storyboard; name = Base; path = Base.lproj/Main.storyboard; sourceTree = "<group>"; };
		5073C685250D019E0067737D /* Assets.xcassets */ = {isa = PBXFileReference; lastKnownFileType = folder.assetcatalog; path = Assets.xcassets; sourceTree = "<group>"; };
		5073C688250D019E0067737D /* Base */ = {isa = PBXFileReference; lastKnownFileType = file.storyboard; name = Base; path = Base.lproj/LaunchScreen.storyboard; sourceTree = "<group>"; };
		5073C68A250D019E0067737D /* Info.plist */ = {isa = PBXFileReference; lastKnownFileType = text.plist.xml; path = Info.plist; sourceTree = "<group>"; };
		5073C698250D020A0067737D /* Yagi.framework */ = {isa = PBXFileReference; explicitFileType = wrapper.framework; path = Yagi.framework; sourceTree = BUILT_PRODUCTS_DIR; };
/* End PBXFileReference section */

/* Begin PBXFrameworksBuildPhase section */
		5073C676250D019B0067737D /* Frameworks */ = {
			isa = PBXFrameworksBuildPhase;
			buildActionMask = 2147483647;
			files = (
				5073C699250D020A0067737D /* Yagi.framework in Frameworks */,
			);
			runOnlyForDeploymentPostprocessing = 0;
		};
/* End PBXFrameworksBuildPhase section */

/* Begin PBXGroup section */
		5073C670250D019B0067737D = {
			isa = PBXGroup;
			children = (
				5073C67B250D019B0067737D /* Yagi-Demo */,
				5073C67A250D019B0067737D /* Products */,
				5073C697250D020A0067737D /* Frameworks */,
			);
			sourceTree = "<group>";
		};
		5073C67A250D019B0067737D /* Products */ = {
			isa = PBXGroup;
			children = (
				5073C679250D019B0067737D /* Yagi-Demo.app */,
			);
			name = Products;
			sourceTree = "<group>";
		};
		5073C67B250D019B0067737D /* Yagi-Demo */ = {
			isa = PBXGroup;
			children = (
				5073C67C250D019B0067737D /* AppDelegate.swift */,
				5073C67E250D019B0067737D /* SceneDelegate.swift */,
				5073C680250D019B0067737D /* ViewController.swift */,
				5073C682250D019B0067737D /* Main.storyboard */,
				5073C685250D019E0067737D /* Assets.xcassets */,
				5073C687250D019E0067737D /* LaunchScreen.storyboard */,
				5073C68A250D019E0067737D /* Info.plist */,
			);
			path = "Yagi-Demo";
			sourceTree = "<group>";
		};
		5073C697250D020A0067737D /* Frameworks */ = {
			isa = PBXGroup;
			children = (
				5073C698250D020A0067737D /* Yagi.framework */,
			);
			name = Frameworks;
			sourceTree = "<group>";
		};
/* End PBXGroup section */

/* Begin PBXNativeTarget section */
		5073C678250D019B0067737D /* Yagi-Demo */ = {
			isa = PBXNativeTarget;
			buildConfigurationList = 5073C68D250D019E0067737D /* Build configuration list for PBXNativeTarget "Yagi-Demo" */;
			buildPhases = (
				5073C675250D019B0067737D /* Sources */,
				5073C676250D019B0067737D /* Frameworks */,
				5073C677250D019B0067737D /* Resources */,
				5073C69B250D020A0067737D /* Embed Frameworks */,
			);
			buildRules = (
			);
			dependencies = (
			);
			name = "Yagi-Demo";
			productName = "Yagi-Demo";
			productReference = 5073C679250D019B0067737D /* Yagi-Demo.app */;
			productType = "com.apple.product-type.application";
		};
/* End PBXNativeTarget section */

/* Begin PBXProject section */
		5073C671250D019B0067737D /* Project object */ = {
			isa = PBXProject;
			attributes = {
				LastSwiftUpdateCheck = 1170;
				LastUpgradeCheck = 1170;
				ORGANIZATIONNAME = max;
				TargetAttributes = {
					5073C678250D019B0067737D = {
						CreatedOnToolsVersion = 11.7;
					};
				};
			};
			buildConfigurationList = 5073C674250D019B0067737D /* Build configuration list for PBXProject "Yagi-Demo" */;
			compatibilityVersion = "Xcode 9.3";
			developmentRegion = en;
			hasScannedForEncodings = 0;
			knownRegions = (
				en,
				Base,
			);
			mainGroup = 5073C670250D019B0067737D;
			productRefGroup = 5073C67A250D019B0067737D /* Products */;
			projectDirPath = "";
			projectRoot = "";
			targets = (
				5073C678250D019B0067737D /* Yagi-Demo */,
			);
		};
/* End PBXProject section */

/* Begin PBXResourcesBuildPhase section */
		5073C677250D019B0067737D /* Resources */ = {
			isa = PBXResourcesBuildPhase;
			buildActionMask = 2147483647;
			files = (
				5073C689250D019E0067737D /* LaunchScreen.storyboard in Resources */,
				5073C686250D019E0067737D /* Assets.xcassets in Resources */,
				5073C684250D019B0067737D /* Main.storyboard in Resources */,
			);
			runOnlyForDeploymentPostprocessing = 0;
		};
/* End PBXResourcesBuildPhase section */

/* Begin PBXSourcesBuildPhase section */
		5073C675250D019B0067737D /* Sources */ = {
			isa = PBXSourcesBuildPhase;
			buildActionMask = 2147483647;
			files = (
				5073C681250D019B0067737D /* ViewController.swift in Sources */,
				5073C67D250D019B0067737D /* AppDelegate.swift in Sources */,
				5073C67F250D019B0067737D /* SceneDelegate.swift in Sources */,
			);
			runOnlyForDeploymentPostprocessing = 0;
		};
/* End PBXSourcesBuildPhase section */

/* Begin PBXVariantGroup section */
		5073C682250D019B0067737D /* Main.storyboard */ = {
			isa = PBXVariantGroup;
			children = (
				5073C683250D019B0067737D /* Base */,
			);
			name = Main.storyboard;
			sourceTree = "<group>";
		};
		5073C687250D019E0067737D /* LaunchScreen.storyboard */ = {
			isa = PBXVariantGroup;
			children = (
				5073C688250D019E0067737D /* Base */,
			);
			name = LaunchScreen.storyboard;
			sourceTree = "<group>";
		};
/* End PBXVariantGroup section */

/* Begin XCBuildConfiguration section */
		5073C68B250D019E0067737D /* Debug */ = {
			isa = XCBuildConfiguration;
			buildSettings = {
				ALWAYS_SEARCH_USER_PATHS = NO;
				CLANG_ANALYZER_NONNULL = YES;
				CLANG_ANALYZER_NUMBER_OBJECT_CONVERSION = YES_AGGRESSIVE;
				CLANG_CXX_LANGUAGE_STANDARD = "gnu++14";
				CLANG_CXX_LIBRARY = "libc++";
				CLANG_ENABLE_MODULES = YES;
				CLANG_ENABLE_OBJC_ARC = YES;
				CLANG_ENABLE_OBJC_WEAK = YES;
				CLANG_WARN_BLOCK_CAPTURE_AUTORELEASING = YES;
				CLANG_WARN_BOOL_CONVERSION = YES;
				CLANG_WARN_COMMA = YES;
				CLANG_WARN_CONSTANT_CONVERSION = YES;
				CLANG_WARN_DEPRECATED_OBJC_IMPLEMENTATIONS = YES;
				CLANG_WARN_DIRECT_OBJC_ISA_USAGE = YES_ERROR;
				CLANG_WARN_DOCUMENTATION_COMMENTS = YES;
				CLANG_WARN_EMPTY_BODY = YES;
				CLANG_WARN_ENUM_CONVERSION = YES;
				CLANG_WARN_INFINITE_RECURSION = YES;
				CLANG_WARN_INT_CONVERSION = YES;
				CLANG_WARN_NON_LITERAL_NULL_CONVERSION = YES;
				CLANG_WARN_OBJC_IMPLICIT_RETAIN_SELF = YES;
				CLANG_WARN_OBJC_LITERAL_CONVERSION = YES;
				CLANG_WARN_OBJC_ROOT_CLASS = YES_ERROR;
				CLANG_WARN_QUOTED_INCLUDE_IN_FRAMEWORK_HEADER = YES;
				CLANG_WARN_RANGE_LOOP_ANALYSIS = YES;
				CLANG_WARN_STRICT_PROTOTYPES = YES;
				CLANG_WARN_SUSPICIOUS_MOVE = YES;
				CLANG_WARN_UNGUARDED_AVAILABILITY = YES_AGGRESSIVE;
				CLANG_WARN_UNREACHABLE_CODE = YES;
				CLANG_WARN__DUPLICATE_METHOD_MATCH = YES;
				COPY_PHASE_STRIP = NO;
				DEBUG_INFORMATION_FORMAT = dwarf;
				ENABLE_STRICT_OBJC_MSGSEND = YES;
				ENABLE_TESTABILITY = YES;
				GCC_C_LANGUAGE_STANDARD = gnu11;
				GCC_DYNAMIC_NO_PIC = NO;
				GCC_NO_COMMON_BLOCKS = YES;
				GCC_OPTIMIZATION_LEVEL = 0;
				GCC_PREPROCESSOR_DEFINITIONS = (
					"DEBUG=1",
					"$(inherited)",
				);
				GCC_WARN_64_TO_32_BIT_CONVERSION = YES;
				GCC_WARN_ABOUT_RETURN_TYPE = YES_ERROR;
				GCC_WARN_UNDECLARED_SELECTOR = YES;
				GCC_WARN_UNINITIALIZED_AUTOS = YES_AGGRESSIVE;
				GCC_WARN_UNUSED_FUNCTION = YES;
				GCC_WARN_UNUSED_VARIABLE = YES;
				IPHONEOS_DEPLOYMENT_TARGET = 14.0;
				MTL_ENABLE_DEBUG_INFO = INCLUDE_SOURCE;
				MTL_FAST_MATH = YES;
				ONLY_ACTIVE_ARCH = YES;
				SDKROOT = iphoneos;
				SWIFT_ACTIVE_COMPILATION_CONDITIONS = DEBUG;
				SWIFT_OPTIMIZATION_LEVEL = "-Onone";
			};
			name = Debug;
		};
		5073C68C250D019E0067737D /* Release */ = {
			isa = XCBuildConfiguration;
			buildSettings = {
				ALWAYS_SEARCH_USER_PATHS = NO;
				CLANG_ANALYZER_NONNULL = YES;
				CLANG_ANALYZER_NUMBER_OBJECT_CONVERSION = YES_AGGRESSIVE;
				CLANG_CXX_LANGUAGE_STANDARD = "gnu++14";
				CLANG_CXX_LIBRARY = "libc++";
				CLANG_ENABLE_MODULES = YES;
				CLANG_ENABLE_OBJC_ARC = YES;
				CLANG_ENABLE_OBJC_WEAK = YES;
				CLANG_WARN_BLOCK_CAPTURE_AUTORELEASING = YES;
				CLANG_WARN_BOOL_CONVERSION = YES;
				CLANG_WARN_COMMA = YES;
				CLANG_WARN_CONSTANT_CONVERSION = YES;
				CLANG_WARN_DEPRECATED_OBJC_IMPLEMENTATIONS = YES;
				CLANG_WARN_DIRECT_OBJC_ISA_USAGE = YES_ERROR;
				CLANG_WARN_DOCUMENTATION_COMMENTS = YES;
				CLANG_WARN_EMPTY_BODY = YES;
				CLANG_WARN_ENUM_CONVERSION = YES;
				CLANG_WARN_INFINITE_RECURSION = YES;
				CLANG_WARN_INT_CONVERSION = YES;
				CLANG_WARN_NON_LITERAL_NULL_CONVERSION = YES;
				CLANG_WARN_OBJC_IMPLICIT_RETAIN_SELF = YES;
				CLANG_WARN_OBJC_LITERAL_CONVERSION = YES;
				CLANG_WARN_OBJC_ROOT_CLASS = YES_ERROR;
				CLANG_WARN_QUOTED_INCLUDE_IN_FRAMEWORK_HEADER = YES;
				CLANG_WARN_RANGE_LOOP_ANALYSIS = YES;
				CLANG_WARN_STRICT_PROTOTYPES = YES;
				CLANG_WARN_SUSPICIOUS_MOVE = YES;
				CLANG_WARN_UNGUARDED_AVAILABILITY = YES_AGGRESSIVE;
				CLANG_WARN_UNREACHABLE_CODE = YES;
				CLANG_WARN__DUPLICATE_METHOD_MATCH = YES;
				COPY_PHASE_STRIP = NO;
				DEBUG_INFORMATION_FORMAT = "dwarf-with-dsym";
				ENABLE_NS_ASSERTIONS = NO;
				ENABLE_STRICT_OBJC_MSGSEND = YES;
				GCC_C_LANGUAGE_STANDARD = gnu11;
				GCC_NO_COMMON_BLOCKS = YES;
				GCC_WARN_64_TO_32_BIT_CONVERSION = YES;
				GCC_WARN_ABOUT_RETURN_TYPE = YES_ERROR;
				GCC_WARN_UNDECLARED_SELECTOR = YES;
				GCC_WARN_UNINITIALIZED_AUTOS = YES_AGGRESSIVE;
				GCC_WARN_UNUSED_FUNCTION = YES;
				GCC_WARN_UNUSED_VARIABLE = YES;
				IPHONEOS_DEPLOYMENT_TARGET = 14.0;
				MTL_ENABLE_DEBUG_INFO = NO;
				MTL_FAST_MATH = YES;
				SDKROOT = iphoneos;
				SWIFT_COMPILATION_MODE = wholemodule;
				SWIFT_OPTIMIZATION_LEVEL = "-O";
				VALIDATE_PRODUCT = YES;
			};
			name = Release;
		};
		5073C68E250D019E0067737D /* Debug */ = {
			isa = XCBuildConfiguration;
			buildSettings = {
				ASSETCATALOG_COMPILER_APPICON_NAME = AppIcon;
				CODE_SIGN_STYLE = Automatic;
				INFOPLIST_FILE = "Yagi-Demo/Info.plist";
				IPHONEOS_DEPLOYMENT_TARGET = 14.0;
				LD_RUNPATH_SEARCH_PATHS = (
					"$(inherited)",
					"@executable_path/Frameworks",
				);
				MARKETING_VERSION = 1.0.1;
				PRODUCT_BUNDLE_IDENTIFIER = "com.max.jian.Yagi-Demo";
				PRODUCT_NAME = "$(TARGET_NAME)";
				SWIFT_VERSION = 5.0;
				TARGETED_DEVICE_FAMILY = "1,2";
			};
			name = Debug;
		};
		5073C68F250D019E0067737D /* Release */ = {
			isa = XCBuildConfiguration;
			buildSettings = {
				ASSETCATALOG_COMPILER_APPICON_NAME = AppIcon;
				CODE_SIGN_STYLE = Automatic;
				INFOPLIST_FILE = "Yagi-Demo/Info.plist";
				IPHONEOS_DEPLOYMENT_TARGET = 14.0;
				LD_RUNPATH_SEARCH_PATHS = (
					"$(inherited)",
					"@executable_path/Frameworks",
				);
				MARKETING_VERSION = 1.0.1;
				PRODUCT_BUNDLE_IDENTIFIER = "com.max.jian.Yagi-Demo";
				PRODUCT_NAME = "$(TARGET_NAME)";
				SWIFT_VERSION = 5.0;
				TARGETED_DEVICE_FAMILY = "1,2";
			};
			name = Release;
		};
/* End XCBuildConfiguration section */

/* Begin XCConfigurationList section */
		5073C674250D019B0067737D /* Build configuration list for PBXProject "Yagi-Demo" */ = {
			isa = XCConfigurationList;
			buildConfigurations = (
				5073C68B250D019E0067737D /* Debug */,
				5073C68C250D019E0067737D /* Release */,
			);
			defaultConfigurationIsVisible = 0;
			defaultConfigurationName = Release;
		};
		5073C68D250D019E0067737D /* Build configuration list for PBXNativeTarget "Yagi-Demo" */ = {
			isa = XCConfigurationList;
			buildConfigurations = (
				5073C68E250D019E0067737D /* Debug */,
				5073C68F250D019E0067737D /* Release */,
			);
			defaultConfigurationIsVisible = 0;
			defaultConfigurationName = Release;
		};
/* End XCConfigurationList section */
	};
	rootObject = 5073C671250D019B0067737D /* Project object */;
}
